
Microsoft Visual Studio Solution File, Format Version 12.00
# Visual Studio Version 16
VisualStudioVersion = 16.0.30621.155
MinimumVisualStudioVersion = 10.0.40219.1
Project("{9A19103F-16F7-4668-BE54-9A1E7A4F7556}") = "Malom", "Malom\Malom.csproj", "{F1400B73-7E58-44CE-AE6E-81BA92FFC90C}"
EndProject
Project("{FAE04EC0-301F-11D3-BF4B-00C04F79EFBC}") = "ModelTest", "ModelTest\ModelTest.csproj", "{99406367-8628-4385-857F-DAFBBA55F960}"
EndProject
Global
	GlobalSection(SolutionConfigurationPlatforms) = preSolution
		Debug|Any CPU = Debug|Any CPU
		Release|Any CPU = Release|Any CPU
	EndGlobalSection
	GlobalSection(ProjectConfigurationPlatforms) = postSolution
		{F1400B73-7E58-44CE-AE6E-81BA92FFC90C}.Debug|Any CPU.ActiveCfg = Debug|Any CPU
		{F1400B73-7E58-44CE-AE6E-81BA92FFC90C}.Debug|Any CPU.Build.0 = Debug|Any CPU
		{F1400B73-7E58-44CE-AE6E-81BA92FFC90C}.Release|Any CPU.ActiveCfg = Release|Any CPU
		{F1400B73-7E58-44CE-AE6E-81BA92FFC90C}.Release|Any CPU.Build.0 = Release|Any CPU
		{99406367-8628-4385-857F-DAFBBA55F960}.Debug|Any CPU.ActiveCfg = Debug|Any CPU
		{99406367-8628-4385-857F-DAFBBA55F960}.Debug|Any CPU.Build.0 = Debug|Any CPU
		{99406367-8628-4385-857F-DAFBBA55F960}.Release|Any CPU.ActiveCfg = Release|Any CPU
		{99406367-8628-4385-857F-DAFBBA55F960}.Release|Any CPU.Build.0 = Release|Any CPU
	EndGlobalSection
	GlobalSection(SolutionProperties) = preSolution
		HideSolutionNode = FALSE
	EndGlobalSection
	GlobalSection(ExtensibilityGlobals) = postSolution
		SolutionGuid = {87188BED-D82D-4271-9E56-ED13ACE340F4}
	EndGlobalSection
EndGlobal
